# This file is automatically @generated by Cargo.
# It is not intended for manual editing.
[[package]]
name = "autocfg"
version = "1.0.1"
source = "registry+https://github.com/rust-lang/crates.io-index"
checksum = "cdb031dd78e28731d87d56cc8ffef4a8f36ca26c38fe2de700543e627f8a464a"

[[package]]
name = "base64"
version = "0.13.0"
source = "registry+https://github.com/rust-lang/crates.io-index"
checksum = "904dfeac50f3cdaba28fc6f57fdcddb75f49ed61346676a78c4ffe55877802fd"

[[package]]
name = "cosmwasm-derive"
version = "0.13.2"
source = "registry+https://github.com/rust-lang/crates.io-index"
checksum = "de70197a0fe4e402aa260da00ec62d9bf091afe87866e9f3347691d591b60f89"
dependencies = [
 "syn",
]

[[package]]
name = "cosmwasm-schema"
version = "0.13.2"
source = "registry+https://github.com/rust-lang/crates.io-index"
checksum = "a98b56c1c839e5cfda1be0e0f152728b34bdcd5a2e921905947f6d088bab2c68"
dependencies = [
 "schemars",
 "serde_json",
]

[[package]]
name = "cosmwasm-std"
version = "0.13.2"
source = "registry+https://github.com/rust-lang/crates.io-index"
checksum = "02173c4eb78ef76863f5190f60a45278d11e7c8b142327c149e18128b2b97f85"
dependencies = [
 "base64",
 "cosmwasm-derive",
 "schemars",
 "serde",
 "serde-json-wasm",
 "thiserror",
]

[[package]]
name = "cosmwasm-storage"
version = "0.13.2"
source = "registry+https://github.com/rust-lang/crates.io-index"
checksum = "e2cdb5f6c3181c921c02b0018af66178e60bc7be088f81ec730b22ff51240404"
dependencies = [
 "cosmwasm-std",
 "serde",
]

[[package]]
name = "cw-quadratic-funding"
version = "0.1.0"
dependencies = [
 "cosmwasm-schema",
 "cosmwasm-std",
 "cosmwasm-storage",
 "cw-storage-plus",
 "cw0",
 "integer-sqrt",
 "schemars",
 "serde",
 "thiserror",
]

[[package]]
name = "cw-storage-plus"
version = "0.5.0"
source = "registry+https://github.com/rust-lang/crates.io-index"
checksum = "a1263f0a3d95efef271076a4a0aad5779324b50bd8346f130984e880e055fd0d"
dependencies = [
 "cosmwasm-std",
 "schemars",
 "serde",
]

[[package]]
name = "cw0"
version = "0.5.0"
source = "registry+https://github.com/rust-lang/crates.io-index"
checksum = "c15dcd49d7645987af064fb72285721af0a4054a8f8c3f970e8b89d496713aec"
dependencies = [
 "cosmwasm-std",
 "schemars",
 "serde",
 "thiserror",
]

[[package]]
name = "integer-sqrt"
version = "0.1.5"
source = "registry+https://github.com/rust-lang/crates.io-index"
checksum = "276ec31bcb4a9ee45f58bec6f9ec700ae4cf4f4f8f2fa7e06cb406bd5ffdd770"
dependencies = [
 "num-traits",
]

[[package]]
name = "itoa"
version = "0.4.6"
source = "registry+https://github.com/rust-lang/crates.io-index"
checksum = "dc6f3ad7b9d11a0c00842ff8de1b60ee58661048eb8049ed33c73594f359d7e6"

[[package]]
name = "num-traits"
version = "0.2.14"
source = "registry+https://github.com/rust-lang/crates.io-index"
checksum = "9a64b1ec5cda2586e284722486d802acf1f7dbdc623e2bfc57e65ca1cd099290"
dependencies = [
 "autocfg",
]

[[package]]
name = "proc-macro2"
version = "1.0.24"
source = "registry+https://github.com/rust-lang/crates.io-index"
checksum = "1e0704ee1a7e00d7bb417d0770ea303c1bccbabf0ef1667dae92b5967f5f8a71"
dependencies = [
 "unicode-xid",
]

[[package]]
name = "quote"
version = "1.0.7"
source = "registry+https://github.com/rust-lang/crates.io-index"
checksum = "aa563d17ecb180e500da1cfd2b028310ac758de548efdd203e18f283af693f37"
dependencies = [
 "proc-macro2",
]

[[package]]
name = "ryu"
version = "1.0.5"
source = "registry+https://github.com/rust-lang/crates.io-index"
checksum = "71d301d4193d031abdd79ff7e3dd721168a9572ef3fe51a1517aba235bd8f86e"

[[package]]
name = "schemars"
version = "0.7.6"
source = "registry+https://github.com/rust-lang/crates.io-index"
checksum = "be77ed66abed6954aabf6a3e31a84706bedbf93750d267e92ef4a6d90bbd6a61"
dependencies = [
 "schemars_derive",
 "serde",
 "serde_json",
]

[[package]]
name = "schemars_derive"
version = "0.7.6"
source = "registry+https://github.com/rust-lang/crates.io-index"
checksum = "11af7a475c9ee266cfaa9e303a47c830ebe072bf3101ab907a7b7b9d816fa01d"
dependencies = [
 "proc-macro2",
 "quote",
 "serde_derive_internals",
 "syn",
]

[[package]]
name = "serde"
version = "1.0.117"
source = "registry+https://github.com/rust-lang/crates.io-index"
checksum = "b88fa983de7720629c9387e9f517353ed404164b1e482c970a90c1a4aaf7dc1a"
dependencies = [
 "serde_derive",
]

[[package]]
name = "serde-json-wasm"
version = "0.2.1"
source = "registry+https://github.com/rust-lang/crates.io-index"
checksum = "7294d94d390f1d2334697c065ea591d7074c676e2d20aa6f1df752fced29823f"
dependencies = [
 "serde",
]

[[package]]
name = "serde_derive"
version = "1.0.117"
source = "registry+https://github.com/rust-lang/crates.io-index"
checksum = "cbd1ae72adb44aab48f325a02444a5fc079349a8d804c1fc922aed3f7454c74e"
dependencies = [
 "proc-macro2",
 "quote",
 "syn",
]

[[package]]
name = "serde_derive_internals"
version = "0.25.0"
source = "registry+https://github.com/rust-lang/crates.io-index"
checksum = "1dbab34ca63057a1f15280bdf3c39f2b1eb1b54c17e98360e511637aef7418c6"
dependencies = [
 "proc-macro2",
 "quote",
 "syn",
]

[[package]]
name = "serde_json"
version = "1.0.59"
source = "registry+https://github.com/rust-lang/crates.io-index"
checksum = "dcac07dbffa1c65e7f816ab9eba78eb142c6d44410f4eeba1e26e4f5dfa56b95"
dependencies = [
 "itoa",
 "ryu",
 "serde",
]

[[package]]
name = "syn"
version = "1.0.48"
source = "registry+https://github.com/rust-lang/crates.io-index"
checksum = "cc371affeffc477f42a221a1e4297aedcea33d47d19b61455588bd9d8f6b19ac"
dependencies = [
 "proc-macro2",
 "quote",
 "unicode-xid",
]

[[package]]
name = "thiserror"
version = "1.0.21"
source = "registry+https://github.com/rust-lang/crates.io-index"
checksum = "318234ffa22e0920fe9a40d7b8369b5f649d490980cf7aadcf1eb91594869b42"
dependencies = [
 "thiserror-impl",
]

[[package]]
name = "thiserror-impl"
version = "1.0.21"
source = "registry+https://github.com/rust-lang/crates.io-index"
checksum = "cae2447b6282786c3493999f40a9be2a6ad20cb8bd268b0a0dbf5a065535c0ab"
dependencies = [
 "proc-macro2",
 "quote",
 "syn",
]

[[package]]
name = "unicode-xid"
version = "0.2.1"
source = "registry+https://github.com/rust-lang/crates.io-index"
checksum = "f7fe0bb3479651439c9112f72b6c505038574c9fbb575ed1bf3b797fa39dd564"
